
Microsoft Visual Studio Solution File, Format Version 12.00
# Visual Studio 14
VisualStudioVersion = 14.0.25420.1
MinimumVisualStudioVersion = 10.0.40219.1
Project("{FAE04EC0-301F-11D3-BF4B-00C04F79EFBC}") = "FlowGraphSDK", "FlowGraphSDK\FlowGraphSDK.csproj", "{49A88A47-92AD-402F-A8D3-40AE8EC5884B}"
EndProject
Project("{FAE04EC0-301F-11D3-BF4B-00C04F79EFBC}") = "TestFlowGraphSDK", "TestFlowGraphSDK\TestFlowGraphSDK.csproj", "{145EF668-CD05-4676-961C-788E906576A4}"
EndProject
Global
	GlobalSection(SolutionConfigurationPlatforms) = preSolution
		Debug|Any CPU = Debug|Any CPU
		Release|Any CPU = Release|Any CPU
	EndGlobalSection
	GlobalSection(ProjectConfigurationPlatforms) = postSolution
		{49A88A47-92AD-402F-A8D3-40AE8EC5884B}.Debug|Any CPU.ActiveCfg = Debug|Any CPU
		{49A88A47-92AD-402F-A8D3-40AE8EC5884B}.Debug|Any CPU.Build.0 = Debug|Any CPU
		{49A88A47-92AD-402F-A8D3-40AE8EC5884B}.Release|Any CPU.ActiveCfg = Release|Any CPU
		{49A88A47-92AD-402F-A8D3-40AE8EC5884B}.Release|Any CPU.Build.0 = Release|Any CPU
		{145EF668-CD05-4676-961C-788E906576A4}.Debug|Any CPU.ActiveCfg = Debug|Any CPU
		{145EF668-CD05-4676-961C-788E906576A4}.Debug|Any CPU.Build.0 = Debug|Any CPU
		{145EF668-CD05-4676-961C-788E906576A4}.Release|Any CPU.ActiveCfg = Release|Any CPU
		{145EF668-CD05-4676-961C-788E906576A4}.Release|Any CPU.Build.0 = Release|Any CPU
	EndGlobalSection
	GlobalSection(SolutionProperties) = preSolution
		HideSolutionNode = FALSE
	EndGlobalSection
EndGlobal
